
Microsoft Visual Studio Solution File, Format Version 12.00
# Visual Studio Version 17
VisualStudioVersion = 17.9.34622.214
MinimumVisualStudioVersion = 10.0.40219.1
Project("{FAE04EC0-301F-11D3-BF4B-00C04F79EFBC}") = "PortalEmpleoBackend", "PortalEmpleoBackend\PortalEmpleoBackend.csproj", "{A36DB98A-3953-47C5-B2E5-7A8D2155EC51}"
EndProject
Project("{FAE04EC0-301F-11D3-BF4B-00C04F79EFBC}") = "PortalEmpleoDB", "PortalEmpleoDB\PortalEmpleoDB.csproj", "{8F3578C1-6618-49E2-B2FC-62B0472ADEB0}"
EndProject
Global
	GlobalSection(SolutionConfigurationPlatforms) = preSolution
		Debug|Any CPU = Debug|Any CPU
		Release|Any CPU = Release|Any CPU
	EndGlobalSection
	GlobalSection(ProjectConfigurationPlatforms) = postSolution
		{A36DB98A-3953-47C5-B2E5-7A8D2155EC51}.Debug|Any CPU.ActiveCfg = Debug|Any CPU
		{A36DB98A-3953-47C5-B2E5-7A8D2155EC51}.Debug|Any CPU.Build.0 = Debug|Any CPU
		{A36DB98A-3953-47C5-B2E5-7A8D2155EC51}.Release|Any CPU.ActiveCfg = Release|Any CPU
		{A36DB98A-3953-47C5-B2E5-7A8D2155EC51}.Release|Any CPU.Build.0 = Release|Any CPU
		{8F3578C1-6618-49E2-B2FC-62B0472ADEB0}.Debug|Any CPU.ActiveCfg = Debug|Any CPU
		{8F3578C1-6618-49E2-B2FC-62B0472ADEB0}.Debug|Any CPU.Build.0 = Debug|Any CPU
		{8F3578C1-6618-49E2-B2FC-62B0472ADEB0}.Release|Any CPU.ActiveCfg = Release|Any CPU
		{8F3578C1-6618-49E2-B2FC-62B0472ADEB0}.Release|Any CPU.Build.0 = Release|Any CPU
	EndGlobalSection
	GlobalSection(SolutionProperties) = preSolution
		HideSolutionNode = FALSE
	EndGlobalSection
	GlobalSection(ExtensibilityGlobals) = postSolution
		SolutionGuid = {84A12AF0-6868-4302-8275-3C0213BCE6AC}
	EndGlobalSection
EndGlobal
